
Microsoft Visual Studio Solution File, Format Version 12.00
# Visual Studio Version 17
VisualStudioVersion = 17.13.35806.99
MinimumVisualStudioVersion = 10.0.40219.1
Project("{FAE04EC0-301F-11D3-BF4B-00C04F79EFBC}") = "send_receive_msg", "send_receive_msg\send_receive_msg.csproj", "{D7C71E34-4E82-445A-A294-3A69AEB5788B}"
EndProject
Global
	GlobalSection(SolutionConfigurationPlatforms) = preSolution
		Debug|Any CPU = Debug|Any CPU
		Release|Any CPU = Release|Any CPU
	EndGlobalSection
	GlobalSection(ProjectConfigurationPlatforms) = postSolution
		{D7C71E34-4E82-445A-A294-3A69AEB5788B}.Debug|Any CPU.ActiveCfg = Debug|Any CPU
		{D7C71E34-4E82-445A-A294-3A69AEB5788B}.Debug|Any CPU.Build.0 = Debug|Any CPU
		{D7C71E34-4E82-445A-A294-3A69AEB5788B}.Release|Any CPU.ActiveCfg = Release|Any CPU
		{D7C71E34-4E82-445A-A294-3A69AEB5788B}.Release|Any CPU.Build.0 = Release|Any CPU
	EndGlobalSection
	GlobalSection(SolutionProperties) = preSolution
		HideSolutionNode = FALSE
	EndGlobalSection
	GlobalSection(ExtensibilityGlobals) = postSolution
		SolutionGuid = {8121765D-1B39-4BCB-A1B3-23B7A9AD74D2}
	EndGlobalSection
EndGlobal
